{
  "nodes": {
    "inventory": {
      "inputs": {
        "nixpkgs": [
          "nixpkgs"
        ]
      },
      "locked": {
        "lastModified": 1782857590,
        "narHash": "sha256-9nv3SIXHQKSoVZ9XTqOIcJR+7CtABsojuiJrr+FimxM=",
        "ref": "refs/heads/master",
        "rev": "0bf8a7decc08a415fca8e86b35bc3996401b86a8",
        "revCount": 4,
        "type": "git",
        "url": "https://forge.anarch.diy/allod/inventory.git"
      },
      "original": {
        "type": "git",
        "url": "https://forge.anarch.diy/allod/inventory.git"
      }
    },
    "nixpkgs": {
      "locked": {
        "lastModified": 1782335603,
        "narHash": "sha256-sZkQH1CkiZtdvcaLx4sGQD9Q9h+A8qB04DRpqQCN530=",
        "owner": "NixOS",
        "repo": "nixpkgs",
        "rev": "03c72920da828594fae523aaef96f33dff10b340",
        "type": "github"
      },
      "original": {
        "owner": "NixOS",
        "ref": "nixos-25.11",
        "repo": "nixpkgs",
        "type": "github"
      }
    },
    "root": {
      "inputs": {
        "inventory": "inventory",
        "nixpkgs": "nixpkgs"
      }
    }
  },
  "root": "root",
  "version": 7
}
