{
  "nodes": {
    "inventory": {
      "inputs": {
        "nixpkgs": [
          "nixpkgs"
        ]
      },
      "locked": {
        "lastModified": 1784325810,
        "narHash": "sha256-KiDJUiJPH4PYoTmWyg6wDJHwj21XiTKs3Mhrt52b73c=",
        "ref": "refs/heads/master",
        "rev": "3844ec2c85671d7f66f872726e3c8bcf66fba0f9",
        "revCount": 11,
        "type": "git",
        "url": "https://forge.anarch.diy/allod/inventory.git"
      },
      "original": {
        "type": "git",
        "url": "https://forge.anarch.diy/allod/inventory.git"
      }
    },
    "nixpkgs": {
      "locked": {
        "lastModified": 1782335603,
        "narHash": "sha256-sZkQH1CkiZtdvcaLx4sGQD9Q9h+A8qB04DRpqQCN530=",
        "owner": "NixOS",
        "repo": "nixpkgs",
        "rev": "03c72920da828594fae523aaef96f33dff10b340",
        "type": "github"
      },
      "original": {
        "owner": "NixOS",
        "ref": "nixos-25.11",
        "repo": "nixpkgs",
        "type": "github"
      }
    },
    "root": {
      "inputs": {
        "inventory": "inventory",
        "nixpkgs": "nixpkgs"
      }
    }
  },
  "root": "root",
  "version": 7
}
