{
  "nodes": {
    "inventory": {
      "inputs": {
        "nixpkgs": [
          "nixpkgs"
        ]
      },
      "locked": {
        "lastModified": 1783608645,
        "narHash": "sha256-0MERfDhly/bPl5tSRewC3nEQBFJvtt3Awq3mWRz8d14=",
        "ref": "refs/heads/master",
        "rev": "94ea1f8a1170bb7df0c19bf2488dacc8c115b0fe",
        "revCount": 5,
        "type": "git",
        "url": "https://forge.anarch.diy/allod/inventory.git"
      },
      "original": {
        "type": "git",
        "url": "https://forge.anarch.diy/allod/inventory.git"
      }
    },
    "nixpkgs": {
      "locked": {
        "lastModified": 1782335603,
        "narHash": "sha256-sZkQH1CkiZtdvcaLx4sGQD9Q9h+A8qB04DRpqQCN530=",
        "owner": "NixOS",
        "repo": "nixpkgs",
        "rev": "03c72920da828594fae523aaef96f33dff10b340",
        "type": "github"
      },
      "original": {
        "owner": "NixOS",
        "ref": "nixos-25.11",
        "repo": "nixpkgs",
        "type": "github"
      }
    },
    "root": {
      "inputs": {
        "inventory": "inventory",
        "nixpkgs": "nixpkgs"
      }
    }
  },
  "root": "root",
  "version": 7
}
